
Microsoft Visual Studio Solution File, Format Version 12.00
Project("{FAE04EC0-301F-11D3-BF4B-00C04F79EFBC}") = "Mercury-Backend", "Mercury-Backend.csproj", "{1B089C0B-0233-486B-93A3-E4F3D554613F}"
EndProject
Global
	GlobalSection(SolutionConfigurationPlatforms) = preSolution
		Debug|Any CPU = Debug|Any CPU
		Release|Any CPU = Release|Any CPU
	EndGlobalSection
	GlobalSection(ProjectConfigurationPlatforms) = postSolution
		{1B089C0B-0233-486B-93A3-E4F3D554613F}.Debug|Any CPU.ActiveCfg = Debug|Any CPU
		{1B089C0B-0233-486B-93A3-E4F3D554613F}.Debug|Any CPU.Build.0 = Debug|Any CPU
		{1B089C0B-0233-486B-93A3-E4F3D554613F}.Release|Any CPU.ActiveCfg = Release|Any CPU
		{1B089C0B-0233-486B-93A3-E4F3D554613F}.Release|Any CPU.Build.0 = Release|Any CPU
		{1B089C0B-0233-486B-93A3-E4F3D554613F}.Release|Any CPU.Deploy.0 = Release|Any CPU
	EndGlobalSection
EndGlobal
